// !$*UTF8*$!
{
	archiveVersion = 1;
	classes = {
	};
	objectVersion = 48;
	objects = {

/* Begin PBXBuildFile section */
		3590B6F46925F98EE3CB2153 /* Pods_ChiriTomo.framework in Frameworks */ = {isa = PBXBuildFile; fileRef = 94F8A9DB3DA34470E4F07C3B /* Pods_ChiriTomo.framework */; };
		C45093082090CC5600C95826 /* RegularTransaction.swift in Sources */ = {isa = PBXBuildFile; fileRef = C45093072090CC5600C95826 /* RegularTransaction.swift */; };
		C450930A2090D55E00C95826 /* DataManager.swift in Sources */ = {isa = PBXBuildFile; fileRef = C45093092090D55E00C95826 /* DataManager.swift */; };
		C450930C2090D65100C95826 /* Prefs.swift in Sources */ = {isa = PBXBuildFile; fileRef = C450930B2090D65100C95826 /* Prefs.swift */; };
		C48A5A122092155700AEDB2A /* NewTransactionVC.swift in Sources */ = {isa = PBXBuildFile; fileRef = C48A5A112092155700AEDB2A /* NewTransactionVC.swift */; };
		C4CCB3052090BACF0021DCD5 /* AppDelegate.swift in Sources */ = {isa = PBXBuildFile; fileRef = C4CCB3042090BACF0021DCD5 /* AppDelegate.swift */; };
		C4CCB3072090BAD00021DCD5 /* MainViewController.swift in Sources */ = {isa = PBXBuildFile; fileRef = C4CCB3062090BAD00021DCD5 /* MainViewController.swift */; };
		C4CCB30A2090BAD00021DCD5 /* Main.storyboard in Resources */ = {isa = PBXBuildFile; fileRef = C4CCB3082090BAD00021DCD5 /* Main.storyboard */; };
		C4CCB30C2090BAD00021DCD5 /* Assets.xcassets in Resources */ = {isa = PBXBuildFile; fileRef = C4CCB30B2090BAD00021DCD5 /* Assets.xcassets */; };
		C4CCB30F2090BAD00021DCD5 /* LaunchScreen.storyboard in Resources */ = {isa = PBXBuildFile; fileRef = C4CCB30D2090BAD00021DCD5 /* LaunchScreen.storyboard */; };
		C4CCB3172090BE450021DCD5 /* Account.swift in Sources */ = {isa = PBXBuildFile; fileRef = C4CCB3162090BE450021DCD5 /* Account.swift */; };
		C4CCB31A2090BF9C0021DCD5 /* Extensions.swift in Sources */ = {isa = PBXBuildFile; fileRef = C4CCB3192090BF9C0021DCD5 /* Extensions.swift */; };
		C4CCB31E2090C3EA0021DCD5 /* Transaction.swift in Sources */ = {isa = PBXBuildFile; fileRef = C4CCB31D2090C3EA0021DCD5 /* Transaction.swift */; };
		C4CCB3202090C5CB0021DCD5 /* Category.swift in Sources */ = {isa = PBXBuildFile; fileRef = C4CCB31F2090C5CB0021DCD5 /* Category.swift */; };
		C4CCB3222090C6780021DCD5 /* Main Category.swift in Sources */ = {isa = PBXBuildFile; fileRef = C4CCB3212090C6780021DCD5 /* Main Category.swift */; };
		C4CCB3242090C7C80021DCD5 /* Subcategory.swift in Sources */ = {isa = PBXBuildFile; fileRef = C4CCB3232090C7C80021DCD5 /* Subcategory.swift */; };
/* End PBXBuildFile section */

/* Begin PBXFileReference section */
		2A3DDC1A9B535655C7059C0B /* Pods-ChiriTomo.release.xcconfig */ = {isa = PBXFileReference; includeInIndex = 1; lastKnownFileType = text.xcconfig; name = "Pods-ChiriTomo.release.xcconfig"; path = "Pods/Target Support Files/Pods-ChiriTomo/Pods-ChiriTomo.release.xcconfig"; sourceTree = "<group>"; };
		4F8254CA58BC70F6BB5DED2E /* Pods-ChiriTomo.debug.xcconfig */ = {isa = PBXFileReference; includeInIndex = 1; lastKnownFileType = text.xcconfig; name = "Pods-ChiriTomo.debug.xcconfig"; path = "Pods/Target Support Files/Pods-ChiriTomo/Pods-ChiriTomo.debug.xcconfig"; sourceTree = "<group>"; };
		94F8A9DB3DA34470E4F07C3B /* Pods_ChiriTomo.framework */ = {isa = PBXFileReference; explicitFileType = wrapper.framework; includeInIndex = 0; path = Pods_ChiriTomo.framework; sourceTree = BUILT_PRODUCTS_DIR; };
		C45093072090CC5600C95826 /* RegularTransaction.swift */ = {isa = PBXFileReference; lastKnownFileType = sourcecode.swift; path = RegularTransaction.swift; sourceTree = "<group>"; };
		C45093092090D55E00C95826 /* DataManager.swift */ = {isa = PBXFileReference; lastKnownFileType = sourcecode.swift; path = DataManager.swift; sourceTree = "<group>"; };
		C450930B2090D65100C95826 /* Prefs.swift */ = {isa = PBXFileReference; lastKnownFileType = sourcecode.swift; path = Prefs.swift; sourceTree = "<group>"; };
		C48A5A112092155700AEDB2A /* NewTransactionVC.swift */ = {isa = PBXFileReference; lastKnownFileType = sourcecode.swift; path = NewTransactionVC.swift; sourceTree = "<group>"; };
		C4CCB3012090BACF0021DCD5 /* ChiriTomo.app */ = {isa = PBXFileReference; explicitFileType = wrapper.application; includeInIndex = 0; path = ChiriTomo.app; sourceTree = BUILT_PRODUCTS_DIR; };
		C4CCB3042090BACF0021DCD5 /* AppDelegate.swift */ = {isa = PBXFileReference; lastKnownFileType = sourcecode.swift; path = AppDelegate.swift; sourceTree = "<group>"; };
		C4CCB3062090BAD00021DCD5 /* MainViewController.swift */ = {isa = PBXFileReference; lastKnownFileType = sourcecode.swift; path = MainViewController.swift; sourceTree = "<group>"; };
		C4CCB3092090BAD00021DCD5 /* Base */ = {isa = PBXFileReference; lastKnownFileType = file.storyboard; name = Base; path = Base.lproj/Main.storyboard; sourceTree = "<group>"; };
		C4CCB30B2090BAD00021DCD5 /* Assets.xcassets */ = {isa = PBXFileReference; lastKnownFileType = folder.assetcatalog; path = Assets.xcassets; sourceTree = "<group>"; };
		C4CCB30E2090BAD00021DCD5 /* Base */ = {isa = PBXFileReference; lastKnownFileType = file.storyboard; name = Base; path = Base.lproj/LaunchScreen.storyboard; sourceTree = "<group>"; };
		C4CCB3102090BAD00021DCD5 /* Info.plist */ = {isa = PBXFileReference; lastKnownFileType = text.plist.xml; path = Info.plist; sourceTree = "<group>"; };
		C4CCB3162090BE450021DCD5 /* Account.swift */ = {isa = PBXFileReference; lastKnownFileType = sourcecode.swift; path = Account.swift; sourceTree = "<group>"; };
		C4CCB3192090BF9C0021DCD5 /* Extensions.swift */ = {isa = PBXFileReference; lastKnownFileType = sourcecode.swift; path = Extensions.swift; sourceTree = "<group>"; };
		C4CCB31D2090C3EA0021DCD5 /* Transaction.swift */ = {isa = PBXFileReference; lastKnownFileType = sourcecode.swift; path = Transaction.swift; sourceTree = "<group>"; };
		C4CCB31F2090C5CB0021DCD5 /* Category.swift */ = {isa = PBXFileReference; lastKnownFileType = sourcecode.swift; path = Category.swift; sourceTree = "<group>"; };
		C4CCB3212090C6780021DCD5 /* Main Category.swift */ = {isa = PBXFileReference; lastKnownFileType = sourcecode.swift; path = "Main Category.swift"; sourceTree = "<group>"; };
		C4CCB3232090C7C80021DCD5 /* Subcategory.swift */ = {isa = PBXFileReference; lastKnownFileType = sourcecode.swift; path = Subcategory.swift; sourceTree = "<group>"; };
/* End PBXFileReference section */

/* Begin PBXFrameworksBuildPhase section */
		C4CCB2FE2090BACF0021DCD5 /* Frameworks */ = {
			isa = PBXFrameworksBuildPhase;
			buildActionMask = 2147483647;
			files = (
				3590B6F46925F98EE3CB2153 /* Pods_ChiriTomo.framework in Frameworks */,
			);
			runOnlyForDeploymentPostprocessing = 0;
		};
/* End PBXFrameworksBuildPhase section */

/* Begin PBXGroup section */
		559EC1368210172B5DFF92BA /* Pods */ = {
			isa = PBXGroup;
			children = (
				4F8254CA58BC70F6BB5DED2E /* Pods-ChiriTomo.debug.xcconfig */,
				2A3DDC1A9B535655C7059C0B /* Pods-ChiriTomo.release.xcconfig */,
			);
			name = Pods;
			sourceTree = "<group>";
		};
		C422EA3A2092042C001F9B62 /* Controllers */ = {
			isa = PBXGroup;
			children = (
				C4CCB3062090BAD00021DCD5 /* MainViewController.swift */,
				C48A5A112092155700AEDB2A /* NewTransactionVC.swift */,
			);
			path = Controllers;
			sourceTree = "<group>";
		};
		C4CCB2F82090BACF0021DCD5 = {
			isa = PBXGroup;
			children = (
				C4CCB3032090BACF0021DCD5 /* ChiriTomo */,
				C4CCB3022090BACF0021DCD5 /* Products */,
				559EC1368210172B5DFF92BA /* Pods */,
				CEBF5DD29BD765BCFFAE16D3 /* Frameworks */,
			);
			sourceTree = "<group>";
		};
		C4CCB3022090BACF0021DCD5 /* Products */ = {
			isa = PBXGroup;
			children = (
				C4CCB3012090BACF0021DCD5 /* ChiriTomo.app */,
			);
			name = Products;
			sourceTree = "<group>";
		};
		C4CCB3032090BACF0021DCD5 /* ChiriTomo */ = {
			isa = PBXGroup;
			children = (
				C4CCB3042090BACF0021DCD5 /* AppDelegate.swift */,
				C4CCB3192090BF9C0021DCD5 /* Extensions.swift */,
				C450930B2090D65100C95826 /* Prefs.swift */,
				C4CCB3082090BAD00021DCD5 /* Main.storyboard */,
				C422EA3A2092042C001F9B62 /* Controllers */,
				C4CCB3182090BEF20021DCD5 /* Data Model */,
				C4CCB30B2090BAD00021DCD5 /* Assets.xcassets */,
				C4CCB30D2090BAD00021DCD5 /* LaunchScreen.storyboard */,
				C4CCB3102090BAD00021DCD5 /* Info.plist */,
			);
			path = ChiriTomo;
			sourceTree = "<group>";
		};
		C4CCB3182090BEF20021DCD5 /* Data Model */ = {
			isa = PBXGroup;
			children = (
				C4CCB3162090BE450021DCD5 /* Account.swift */,
				C4CCB31D2090C3EA0021DCD5 /* Transaction.swift */,
				C4CCB31F2090C5CB0021DCD5 /* Category.swift */,
				C4CCB3212090C6780021DCD5 /* Main Category.swift */,
				C4CCB3232090C7C80021DCD5 /* Subcategory.swift */,
				C45093072090CC5600C95826 /* RegularTransaction.swift */,
				C45093092090D55E00C95826 /* DataManager.swift */,
			);
			path = "Data Model";
			sourceTree = "<group>";
		};
		CEBF5DD29BD765BCFFAE16D3 /* Frameworks */ = {
			isa = PBXGroup;
			children = (
				94F8A9DB3DA34470E4F07C3B /* Pods_ChiriTomo.framework */,
			);
			name = Frameworks;
			sourceTree = "<group>";
		};
/* End PBXGroup section */

/* Begin PBXNativeTarget section */
		C4CCB3002090BACF0021DCD5 /* ChiriTomo */ = {
			isa = PBXNativeTarget;
			buildConfigurationList = C4CCB3132090BAD00021DCD5 /* Build configuration list for PBXNativeTarget "ChiriTomo" */;
			buildPhases = (
				BB48403CA61DFECD9AE41EC1 /* [CP] Check Pods Manifest.lock */,
				C4CCB2FD2090BACF0021DCD5 /* Sources */,
				C4CCB2FE2090BACF0021DCD5 /* Frameworks */,
				C4CCB2FF2090BACF0021DCD5 /* Resources */,
				2B8C8A031FB4A639FB9694F4 /* [CP] Embed Pods Frameworks */,
				D34176566E48E7752C01F5A5 /* [CP] Copy Pods Resources */,
			);
			buildRules = (
			);
			dependencies = (
			);
			name = ChiriTomo;
			productName = ChiriTomo;
			productReference = C4CCB3012090BACF0021DCD5 /* ChiriTomo.app */;
			productType = "com.apple.product-type.application";
		};
/* End PBXNativeTarget section */

/* Begin PBXProject section */
		C4CCB2F92090BACF0021DCD5 /* Project object */ = {
			isa = PBXProject;
			attributes = {
				LastSwiftUpdateCheck = 0910;
				LastUpgradeCheck = 0910;
				ORGANIZATIONNAME = "Dylan Southard";
				TargetAttributes = {
					C4CCB3002090BACF0021DCD5 = {
						CreatedOnToolsVersion = 9.1;
						ProvisioningStyle = Automatic;
					};
				};
			};
			buildConfigurationList = C4CCB2FC2090BACF0021DCD5 /* Build configuration list for PBXProject "ChiriTomo" */;
			compatibilityVersion = "Xcode 8.0";
			developmentRegion = en;
			hasScannedForEncodings = 0;
			knownRegions = (
				en,
				Base,
			);
			mainGroup = C4CCB2F82090BACF0021DCD5;
			productRefGroup = C4CCB3022090BACF0021DCD5 /* Products */;
			projectDirPath = "";
			projectRoot = "";
			targets = (
				C4CCB3002090BACF0021DCD5 /* ChiriTomo */,
			);
		};
/* End PBXProject section */

/* Begin PBXResourcesBuildPhase section */
		C4CCB2FF2090BACF0021DCD5 /* Resources */ = {
			isa = PBXResourcesBuildPhase;
			buildActionMask = 2147483647;
			files = (
				C4CCB30F2090BAD00021DCD5 /* LaunchScreen.storyboard in Resources */,
				C4CCB30C2090BAD00021DCD5 /* Assets.xcassets in Resources */,
				C4CCB30A2090BAD00021DCD5 /* Main.storyboard in Resources */,
			);
			runOnlyForDeploymentPostprocessing = 0;
		};
/* End PBXResourcesBuildPhase section */

/* Begin PBXShellScriptBuildPhase section */
		2B8C8A031FB4A639FB9694F4 /* [CP] Embed Pods Frameworks */ = {
			isa = PBXShellScriptBuildPhase;
			buildActionMask = 2147483647;
			files = (
			);
			inputPaths = (
				"${SRCROOT}/Pods/Target Support Files/Pods-ChiriTomo/Pods-ChiriTomo-frameworks.sh",
				"${BUILT_PRODUCTS_DIR}/ChameleonFramework/ChameleonFramework.framework",
				"${BUILT_PRODUCTS_DIR}/Realm/Realm.framework",
				"${BUILT_PRODUCTS_DIR}/RealmSwift/RealmSwift.framework",
				"${BUILT_PRODUCTS_DIR}/TextFieldEffects/TextFieldEffects.framework",
			);
			name = "[CP] Embed Pods Frameworks";
			outputPaths = (
				"${TARGET_BUILD_DIR}/${FRAMEWORKS_FOLDER_PATH}/ChameleonFramework.framework",
				"${TARGET_BUILD_DIR}/${FRAMEWORKS_FOLDER_PATH}/Realm.framework",
				"${TARGET_BUILD_DIR}/${FRAMEWORKS_FOLDER_PATH}/RealmSwift.framework",
				"${TARGET_BUILD_DIR}/${FRAMEWORKS_FOLDER_PATH}/TextFieldEffects.framework",
			);
			runOnlyForDeploymentPostprocessing = 0;
			shellPath = /bin/sh;
			shellScript = "\"${SRCROOT}/Pods/Target Support Files/Pods-ChiriTomo/Pods-ChiriTomo-frameworks.sh\"\n";
			showEnvVarsInLog = 0;
		};
		BB48403CA61DFECD9AE41EC1 /* [CP] Check Pods Manifest.lock */ = {
			isa = PBXShellScriptBuildPhase;
			buildActionMask = 2147483647;
			files = (
			);
			inputPaths = (
				"${PODS_PODFILE_DIR_PATH}/Podfile.lock",
				"${PODS_ROOT}/Manifest.lock",
			);
			name = "[CP] Check Pods Manifest.lock";
			outputPaths = (
				"$(DERIVED_FILE_DIR)/Pods-ChiriTomo-checkManifestLockResult.txt",
			);
			runOnlyForDeploymentPostprocessing = 0;
			shellPath = /bin/sh;
			shellScript = "diff \"${PODS_PODFILE_DIR_PATH}/Podfile.lock\" \"${PODS_ROOT}/Manifest.lock\" > /dev/null\nif [ $? != 0 ] ; then\n    # print error to STDERR\n    echo \"error: The sandbox is not in sync with the Podfile.lock. Run 'pod install' or update your CocoaPods installation.\" >&2\n    exit 1\nfi\n# This output is used by Xcode 'outputs' to avoid re-running this script phase.\necho \"SUCCESS\" > \"${SCRIPT_OUTPUT_FILE_0}\"\n";
			showEnvVarsInLog = 0;
		};
		D34176566E48E7752C01F5A5 /* [CP] Copy Pods Resources */ = {
			isa = PBXShellScriptBuildPhase;
			buildActionMask = 2147483647;
			files = (
			);
			inputPaths = (
			);
			name = "[CP] Copy Pods Resources";
			outputPaths = (
			);
			runOnlyForDeploymentPostprocessing = 0;
			shellPath = /bin/sh;
			shellScript = "\"${SRCROOT}/Pods/Target Support Files/Pods-ChiriTomo/Pods-ChiriTomo-resources.sh\"\n";
			showEnvVarsInLog = 0;
		};
/* End PBXShellScriptBuildPhase section */

/* Begin PBXSourcesBuildPhase section */
		C4CCB2FD2090BACF0021DCD5 /* Sources */ = {
			isa = PBXSourcesBuildPhase;
			buildActionMask = 2147483647;
			files = (
				C450930C2090D65100C95826 /* Prefs.swift in Sources */,
				C4CCB3072090BAD00021DCD5 /* MainViewController.swift in Sources */,
				C450930A2090D55E00C95826 /* DataManager.swift in Sources */,
				C4CCB3052090BACF0021DCD5 /* AppDelegate.swift in Sources */,
				C4CCB3202090C5CB0021DCD5 /* Category.swift in Sources */,
				C4CCB31E2090C3EA0021DCD5 /* Transaction.swift in Sources */,
				C4CCB3242090C7C80021DCD5 /* Subcategory.swift in Sources */,
				C45093082090CC5600C95826 /* RegularTransaction.swift in Sources */,
				C4CCB3222090C6780021DCD5 /* Main Category.swift in Sources */,
				C4CCB3172090BE450021DCD5 /* Account.swift in Sources */,
				C48A5A122092155700AEDB2A /* NewTransactionVC.swift in Sources */,
				C4CCB31A2090BF9C0021DCD5 /* Extensions.swift in Sources */,
			);
			runOnlyForDeploymentPostprocessing = 0;
		};
/* End PBXSourcesBuildPhase section */

/* Begin PBXVariantGroup section */
		C4CCB3082090BAD00021DCD5 /* Main.storyboard */ = {
			isa = PBXVariantGroup;
			children = (
				C4CCB3092090BAD00021DCD5 /* Base */,
			);
			name = Main.storyboard;
			sourceTree = "<group>";
		};
		C4CCB30D2090BAD00021DCD5 /* LaunchScreen.storyboard */ = {
			isa = PBXVariantGroup;
			children = (
				C4CCB30E2090BAD00021DCD5 /* Base */,
			);
			name = LaunchScreen.storyboard;
			sourceTree = "<group>";
		};
/* End PBXVariantGroup section */

/* Begin XCBuildConfiguration section */
		C4CCB3112090BAD00021DCD5 /* Debug */ = {
			isa = XCBuildConfiguration;
			buildSettings = {
				ALWAYS_SEARCH_USER_PATHS = NO;
				CLANG_ANALYZER_NONNULL = YES;
				CLANG_ANALYZER_NUMBER_OBJECT_CONVERSION = YES_AGGRESSIVE;
				CLANG_CXX_LANGUAGE_STANDARD = "gnu++14";
				CLANG_CXX_LIBRARY = "libc++";
				CLANG_ENABLE_MODULES = YES;
				CLANG_ENABLE_OBJC_ARC = YES;
				CLANG_WARN_BLOCK_CAPTURE_AUTORELEASING = YES;
				CLANG_WARN_BOOL_CONVERSION = YES;
				CLANG_WARN_COMMA = YES;
				CLANG_WARN_CONSTANT_CONVERSION = YES;
				CLANG_WARN_DIRECT_OBJC_ISA_USAGE = YES_ERROR;
				CLANG_WARN_DOCUMENTATION_COMMENTS = YES;
				CLANG_WARN_EMPTY_BODY = YES;
				CLANG_WARN_ENUM_CONVERSION = YES;
				CLANG_WARN_INFINITE_RECURSION = YES;
				CLANG_WARN_INT_CONVERSION = YES;
				CLANG_WARN_NON_LITERAL_NULL_CONVERSION = YES;
				CLANG_WARN_OBJC_LITERAL_CONVERSION = YES;
				CLANG_WARN_OBJC_ROOT_CLASS = YES_ERROR;
				CLANG_WARN_RANGE_LOOP_ANALYSIS = YES;
				CLANG_WARN_STRICT_PROTOTYPES = YES;
				CLANG_WARN_SUSPICIOUS_MOVE = YES;
				CLANG_WARN_UNGUARDED_AVAILABILITY = YES_AGGRESSIVE;
				CLANG_WARN_UNREACHABLE_CODE = YES;
				CLANG_WARN__DUPLICATE_METHOD_MATCH = YES;
				CODE_SIGN_IDENTITY = "iPhone Developer";
				COPY_PHASE_STRIP = NO;
				DEBUG_INFORMATION_FORMAT = dwarf;
				ENABLE_STRICT_OBJC_MSGSEND = YES;
				ENABLE_TESTABILITY = YES;
				GCC_C_LANGUAGE_STANDARD = gnu11;
				GCC_DYNAMIC_NO_PIC = NO;
				GCC_NO_COMMON_BLOCKS = YES;
				GCC_OPTIMIZATION_LEVEL = 0;
				GCC_PREPROCESSOR_DEFINITIONS = (
					"DEBUG=1",
					"$(inherited)",
				);
				GCC_WARN_64_TO_32_BIT_CONVERSION = YES;
				GCC_WARN_ABOUT_RETURN_TYPE = YES_ERROR;
				GCC_WARN_UNDECLARED_SELECTOR = YES;
				GCC_WARN_UNINITIALIZED_AUTOS = YES_AGGRESSIVE;
				GCC_WARN_UNUSED_FUNCTION = YES;
				GCC_WARN_UNUSED_VARIABLE = YES;
				IPHONEOS_DEPLOYMENT_TARGET = 11.1;
				MTL_ENABLE_DEBUG_INFO = YES;
				ONLY_ACTIVE_ARCH = YES;
				SDKROOT = iphoneos;
				SWIFT_ACTIVE_COMPILATION_CONDITIONS = DEBUG;
				SWIFT_OPTIMIZATION_LEVEL = "-Onone";
			};
			name = Debug;
		};
		C4CCB3122090BAD00021DCD5 /* Release */ = {
			isa = XCBuildConfiguration;
			buildSettings = {
				ALWAYS_SEARCH_USER_PATHS = NO;
				CLANG_ANALYZER_NONNULL = YES;
				CLANG_ANALYZER_NUMBER_OBJECT_CONVERSION = YES_AGGRESSIVE;
				CLANG_CXX_LANGUAGE_STANDARD = "gnu++14";
				CLANG_CXX_LIBRARY = "libc++";
				CLANG_ENABLE_MODULES = YES;
				CLANG_ENABLE_OBJC_ARC = YES;
				CLANG_WARN_BLOCK_CAPTURE_AUTORELEASING = YES;
				CLANG_WARN_BOOL_CONVERSION = YES;
				CLANG_WARN_COMMA = YES;
				CLANG_WARN_CONSTANT_CONVERSION = YES;
				CLANG_WARN_DIRECT_OBJC_ISA_USAGE = YES_ERROR;
				CLANG_WARN_DOCUMENTATION_COMMENTS = YES;
				CLANG_WARN_EMPTY_BODY = YES;
				CLANG_WARN_ENUM_CONVERSION = YES;
				CLANG_WARN_INFINITE_RECURSION = YES;
				CLANG_WARN_INT_CONVERSION = YES;
				CLANG_WARN_NON_LITERAL_NULL_CONVERSION = YES;
				CLANG_WARN_OBJC_LITERAL_CONVERSION = YES;
				CLANG_WARN_OBJC_ROOT_CLASS = YES_ERROR;
				CLANG_WARN_RANGE_LOOP_ANALYSIS = YES;
				CLANG_WARN_STRICT_PROTOTYPES = YES;
				CLANG_WARN_SUSPICIOUS_MOVE = YES;
				CLANG_WARN_UNGUARDED_AVAILABILITY = YES_AGGRESSIVE;
				CLANG_WARN_UNREACHABLE_CODE = YES;
				CLANG_WARN__DUPLICATE_METHOD_MATCH = YES;
				CODE_SIGN_IDENTITY = "iPhone Developer";
				COPY_PHASE_STRIP = NO;
				DEBUG_INFORMATION_FORMAT = "dwarf-with-dsym";
				ENABLE_NS_ASSERTIONS = NO;
				ENABLE_STRICT_OBJC_MSGSEND = YES;
				GCC_C_LANGUAGE_STANDARD = gnu11;
				GCC_NO_COMMON_BLOCKS = YES;
				GCC_WARN_64_TO_32_BIT_CONVERSION = YES;
				GCC_WARN_ABOUT_RETURN_TYPE = YES_ERROR;
				GCC_WARN_UNDECLARED_SELECTOR = YES;
				GCC_WARN_UNINITIALIZED_AUTOS = YES_AGGRESSIVE;
				GCC_WARN_UNUSED_FUNCTION = YES;
				GCC_WARN_UNUSED_VARIABLE = YES;
				IPHONEOS_DEPLOYMENT_TARGET = 11.1;
				MTL_ENABLE_DEBUG_INFO = NO;
				SDKROOT = iphoneos;
				SWIFT_OPTIMIZATION_LEVEL = "-Owholemodule";
				VALIDATE_PRODUCT = YES;
			};
			name = Release;
		};
		C4CCB3142090BAD00021DCD5 /* Debug */ = {
			isa = XCBuildConfiguration;
			baseConfigurationReference = 4F8254CA58BC70F6BB5DED2E /* Pods-ChiriTomo.debug.xcconfig */;
			buildSettings = {
				ASSETCATALOG_COMPILER_APPICON_NAME = AppIcon;
				CODE_SIGN_STYLE = Automatic;
				DEVELOPMENT_TEAM = UQ3BB547F3;
				INFOPLIST_FILE = ChiriTomo/Info.plist;
				LD_RUNPATH_SEARCH_PATHS = "$(inherited) @executable_path/Frameworks";
				PRODUCT_BUNDLE_IDENTIFIER = com.ihounokyaku.com.ChiriTomo;
				PRODUCT_NAME = "$(TARGET_NAME)";
				SWIFT_VERSION = 4.0;
				TARGETED_DEVICE_FAMILY = "1,2";
			};
			name = Debug;
		};
		C4CCB3152090BAD00021DCD5 /* Release */ = {
			isa = XCBuildConfiguration;
			baseConfigurationReference = 2A3DDC1A9B535655C7059C0B /* Pods-ChiriTomo.release.xcconfig */;
			buildSettings = {
				ASSETCATALOG_COMPILER_APPICON_NAME = AppIcon;
				CODE_SIGN_STYLE = Automatic;
				DEVELOPMENT_TEAM = UQ3BB547F3;
				INFOPLIST_FILE = ChiriTomo/Info.plist;
				LD_RUNPATH_SEARCH_PATHS = "$(inherited) @executable_path/Frameworks";
				PRODUCT_BUNDLE_IDENTIFIER = com.ihounokyaku.com.ChiriTomo;
				PRODUCT_NAME = "$(TARGET_NAME)";
				SWIFT_VERSION = 4.0;
				TARGETED_DEVICE_FAMILY = "1,2";
			};
			name = Release;
		};
/* End XCBuildConfiguration section */

/* Begin XCConfigurationList section */
		C4CCB2FC2090BACF0021DCD5 /* Build configuration list for PBXProject "ChiriTomo" */ = {
			isa = XCConfigurationList;
			buildConfigurations = (
				C4CCB3112090BAD00021DCD5 /* Debug */,
				C4CCB3122090BAD00021DCD5 /* Release */,
			);
			defaultConfigurationIsVisible = 0;
			defaultConfigurationName = Release;
		};
		C4CCB3132090BAD00021DCD5 /* Build configuration list for PBXNativeTarget "ChiriTomo" */ = {
			isa = XCConfigurationList;
			buildConfigurations = (
				C4CCB3142090BAD00021DCD5 /* Debug */,
				C4CCB3152090BAD00021DCD5 /* Release */,
			);
			defaultConfigurationIsVisible = 0;
			defaultConfigurationName = Release;
		};
/* End XCConfigurationList section */
	};
	rootObject = C4CCB2F92090BACF0021DCD5 /* Project object */;
}
